
Microsoft Visual Studio Solution File, Format Version 12.00
# Visual Studio Version 17
VisualStudioVersion = 17.6.33712.159
MinimumVisualStudioVersion = 10.0.40219.1
Project("{9A19103F-16F7-4668-BE54-9A1E7A4F7556}") = "ShorterURL", "ShorterURL\ShorterURL.csproj", "{C59CD75D-753C-4241-BD63-044AE21D351A}"
EndProject
Project("{9A19103F-16F7-4668-BE54-9A1E7A4F7556}") = "BusinessLayer", "BusinessLayer\BusinessLayer.csproj", "{95938680-17D6-4556-8C58-B90C537AA47A}"
EndProject
Project("{9A19103F-16F7-4668-BE54-9A1E7A4F7556}") = "DTO", "DTO\DTO.csproj", "{F9CEE221-2CA6-4C8B-9850-4FFD82FA5871}"
EndProject
Project("{FAE04EC0-301F-11D3-BF4B-00C04F79EFBC}") = "DataLayer", "DataLayer\DataLayer.csproj", "{38C668ED-8D2D-467B-BCF1-B6A5F74E13E6}"
EndProject
Global
	GlobalSection(SolutionConfigurationPlatforms) = preSolution
		Debug|Any CPU = Debug|Any CPU
		Release|Any CPU = Release|Any CPU
	EndGlobalSection
	GlobalSection(ProjectConfigurationPlatforms) = postSolution
		{C59CD75D-753C-4241-BD63-044AE21D351A}.Debug|Any CPU.ActiveCfg = Debug|Any CPU
		{C59CD75D-753C-4241-BD63-044AE21D351A}.Debug|Any CPU.Build.0 = Debug|Any CPU
		{C59CD75D-753C-4241-BD63-044AE21D351A}.Release|Any CPU.ActiveCfg = Release|Any CPU
		{C59CD75D-753C-4241-BD63-044AE21D351A}.Release|Any CPU.Build.0 = Release|Any CPU
		{95938680-17D6-4556-8C58-B90C537AA47A}.Debug|Any CPU.ActiveCfg = Debug|Any CPU
		{95938680-17D6-4556-8C58-B90C537AA47A}.Debug|Any CPU.Build.0 = Debug|Any CPU
		{95938680-17D6-4556-8C58-B90C537AA47A}.Release|Any CPU.ActiveCfg = Release|Any CPU
		{95938680-17D6-4556-8C58-B90C537AA47A}.Release|Any CPU.Build.0 = Release|Any CPU
		{F9CEE221-2CA6-4C8B-9850-4FFD82FA5871}.Debug|Any CPU.ActiveCfg = Debug|Any CPU
		{F9CEE221-2CA6-4C8B-9850-4FFD82FA5871}.Debug|Any CPU.Build.0 = Debug|Any CPU
		{F9CEE221-2CA6-4C8B-9850-4FFD82FA5871}.Release|Any CPU.ActiveCfg = Release|Any CPU
		{F9CEE221-2CA6-4C8B-9850-4FFD82FA5871}.Release|Any CPU.Build.0 = Release|Any CPU
		{38C668ED-8D2D-467B-BCF1-B6A5F74E13E6}.Debug|Any CPU.ActiveCfg = Debug|Any CPU
		{38C668ED-8D2D-467B-BCF1-B6A5F74E13E6}.Debug|Any CPU.Build.0 = Debug|Any CPU
		{38C668ED-8D2D-467B-BCF1-B6A5F74E13E6}.Release|Any CPU.ActiveCfg = Release|Any CPU
		{38C668ED-8D2D-467B-BCF1-B6A5F74E13E6}.Release|Any CPU.Build.0 = Release|Any CPU
	EndGlobalSection
	GlobalSection(SolutionProperties) = preSolution
		HideSolutionNode = FALSE
	EndGlobalSection
	GlobalSection(ExtensibilityGlobals) = postSolution
		SolutionGuid = {38C5C954-CF0F-4742-8A8C-61C918080203}
	EndGlobalSection
EndGlobal
